uuid: a926b6ef-8ea0-4dff-811e-0e381057b31e
langcode: en
status: true
dependencies:
  module:
    - comment
    - node
id: node.field_block
field_name: field_block
entity_type: node
type: comment
settings:
  comment_type: comment
module: comment
locked: false
cardinality: 1
translatable: true
indexes: {  }
persist_with_no_fields: false
custom_storage: false
